
Microsoft Visual Studio Solution File, Format Version 12.00
# Visual Studio Version 16
VisualStudioVersion = 16.0.29519.161
MinimumVisualStudioVersion = 10.0.40219.1
Project("{9A19103F-16F7-4668-BE54-9A1E7A4F7556}") = "BlazorAudioPlayer", "BlazorAudioPlayer\BlazorAudioPlayer.csproj", "{6DE59FA4-9995-479C-8813-2BB17297C462}"
EndProject
Project("{FAE04EC0-301F-11D3-BF4B-00C04F79EFBC}") = "BlazorAudioPlayer.Sample", "BlazorAudioPlayer.Sample\BlazorAudioPlayer.Sample.csproj", "{90AB08E5-E425-4B99-86A3-62FC24238644}"
EndProject
Global
	GlobalSection(SolutionConfigurationPlatforms) = preSolution
		Debug|Any CPU = Debug|Any CPU
		Release|Any CPU = Release|Any CPU
	EndGlobalSection
	GlobalSection(ProjectConfigurationPlatforms) = postSolution
		{6DE59FA4-9995-479C-8813-2BB17297C462}.Debug|Any CPU.ActiveCfg = Debug|Any CPU
		{6DE59FA4-9995-479C-8813-2BB17297C462}.Debug|Any CPU.Build.0 = Debug|Any CPU
		{6DE59FA4-9995-479C-8813-2BB17297C462}.Release|Any CPU.ActiveCfg = Release|Any CPU
		{6DE59FA4-9995-479C-8813-2BB17297C462}.Release|Any CPU.Build.0 = Release|Any CPU
		{90AB08E5-E425-4B99-86A3-62FC24238644}.Debug|Any CPU.ActiveCfg = Debug|Any CPU
		{90AB08E5-E425-4B99-86A3-62FC24238644}.Debug|Any CPU.Build.0 = Debug|Any CPU
		{90AB08E5-E425-4B99-86A3-62FC24238644}.Release|Any CPU.ActiveCfg = Release|Any CPU
		{90AB08E5-E425-4B99-86A3-62FC24238644}.Release|Any CPU.Build.0 = Release|Any CPU
	EndGlobalSection
	GlobalSection(SolutionProperties) = preSolution
		HideSolutionNode = FALSE
	EndGlobalSection
	GlobalSection(ExtensibilityGlobals) = postSolution
		SolutionGuid = {A431C799-55B8-46B8-9D40-805694DA0D8B}
	EndGlobalSection
EndGlobal
