{
  "name": "BlazorAudioPlayer",
  "version": "1.0.0",
  "lockfileVersion": 1,
  "requires": true,
  "dependencies": {
    "@types/howler": {
      "version": "2.1.2",
      "resolved": "https://registry.npmjs.org/@types/howler/-/howler-2.1.2.tgz",
      "integrity": "sha512-gK7snhJcWVvTdiE6cCBAjeZ9od9Q8LmB5lEyB/3n6jMJOLn7EQ8Zvmkz8XPhnN5xB+b7QzCiqxJY3YiHrM3Jpg=="
    }
  }
}
